github.com/Chronicle20/atlas-model v1.0.4 h1:e54nQ0HrYjCRg7rN4xAPZuUvPXB7ycARktfecQGwd30=
github.com/Chronicle20/atlas-model v1.0.4/go.mod h1:pqiCUYkDTLXkObDhi2QkVmi/ncfjq8TvESoxJSap4DM=
github.com/google/uuid v1.6.0 h1:NIvaJDMOsjHA8n1jAhLSgzrAzy1Hgr+hNrb57e+94F0=
github.com/google/uuid v1.6.0/go.mod h1:TIyPZe4MgqvfeYDBFedMoGGpEw/LqOeaOT+nhxU+yHo=
