github.com/Chronicle20/atlas-model v1.0.6 h1:z6OSu3MjguZXGQwZLEUyyo4DI8NEb+BxQ+0VJu++gZI=
github.com/Chronicle20/atlas-model v1.0.6/go.mod h1:5FNYT/ypml+goxft0XCACTEp6666yys+l6LTxSPeh1k=
github.com/google/uuid v1.6.0 h1:NIvaJDMOsjHA8n1jAhLSgzrAzy1Hgr+hNrb57e+94F0=
github.com/google/uuid v1.6.0/go.mod h1:TIyPZe4MgqvfeYDBFedMoGGpEw/LqOeaOT+nhxU+yHo=
