github.com/Chronicle20/atlas-model v1.2.1 h1:F/SYo4PAHd1BuZz5/RV65V4uv5wXHzE95LE4nkmhO4g=
github.com/Chronicle20/atlas-model v1.2.1/go.mod h1:5FNYT/ypml+goxft0XCACTEp6666yys+l6LTxSPeh1k=
github.com/google/uuid v1.6.0 h1:NIvaJDMOsjHA8n1jAhLSgzrAzy1Hgr+hNrb57e+94F0=
github.com/google/uuid v1.6.0/go.mod h1:TIyPZe4MgqvfeYDBFedMoGGpEw/LqOeaOT+nhxU+yHo=
